{
  "lockfileVersion": 1,
  "workspaces": {
    "": {
      "dependencies": {
        "openai": "^5.12.2",
      },
    },
  },
  "packages": {
    "openai": ["openai@5.12.2", "", { "peerDependencies": { "ws": "^8.18.0", "zod": "^3.23.8" }, "optionalPeers": ["ws", "zod"], "bin": "bin/cli" }, "sha512-xqzHHQch5Tws5PcKR2xsZGX9xtch+JQFz5zb14dGqlshmmDAFBFEWmeIpf7wVqWV+w7Emj7jRgkNJakyKE0tYQ=="],
  }
}
